
Microsoft Visual Studio Solution File, Format Version 12.00
Project("{FAE04EC0-301F-11D3-BF4B-00C04F79EFBC}") = "VFP Table Tools", "VFP Table Tools\VFP Table Tools.csproj", "{C41B9B17-9BDE-4030-86BF-2D24BC953C3D}"
EndProject
Global
	GlobalSection(SolutionConfigurationPlatforms) = preSolution
		Debug|Any CPU = Debug|Any CPU
		Release|Any CPU = Release|Any CPU
	EndGlobalSection
	GlobalSection(ProjectConfigurationPlatforms) = postSolution
		{C41B9B17-9BDE-4030-86BF-2D24BC953C3D}.Debug|Any CPU.ActiveCfg = Debug|Any CPU
		{C41B9B17-9BDE-4030-86BF-2D24BC953C3D}.Debug|Any CPU.Build.0 = Debug|Any CPU
		{C41B9B17-9BDE-4030-86BF-2D24BC953C3D}.Release|Any CPU.ActiveCfg = Release|Any CPU
		{C41B9B17-9BDE-4030-86BF-2D24BC953C3D}.Release|Any CPU.Build.0 = Release|Any CPU
	EndGlobalSection
EndGlobal
